{
  "object": {
    "pins": [
      {
        "package": "FFCLog",
        "repositoryURL": "https://github.com/fcanas/FFCLog.git",
        "state": {
          "branch": null,
          "revision": "26431d1163c08832fcbc5a277d0097a5f0a92107",
          "version": "0.1.0"
        }
      },
      {
        "package": "FFCParserCombinator",
        "repositoryURL": "https://github.com/fcanas/FFCParserCombinator.git",
        "state": {
          "branch": null,
          "revision": "0cec7698f9d43167ec14029a902c71f7fef9cb52",
          "version": "0.1.0"
        }
      },
      {
        "package": "HLSCore",
        "repositoryURL": "https://github.com/fcanas/HLSCore.git",
        "state": {
          "branch": null,
          "revision": "7d8e0b7542bf387ddffc283032e7d17ee0910f83",
          "version": "0.2.0"
        }
      }
    ]
  },
  "version": 1
}
