{
  "object": {
    "pins": [
      {
        "package": "FFCLog",
        "repositoryURL": "https://github.com/fcanas/FFCLog.git",
        "state": {
          "branch": null,
          "revision": "26431d1163c08832fcbc5a277d0097a5f0a92107",
          "version": "0.1.0"
        }
      },
      {
        "package": "FFCParserCombinator",
        "repositoryURL": "https://github.com/fcanas/FFCParserCombinator.git",
        "state": {
          "branch": null,
          "revision": "e54c0067289be524eb877bec50a9f6b301fbf808",
          "version": "1.0.2"
        }
      },
      {
        "package": "HLSCore",
        "repositoryURL": "https://github.com/fcanas/HLSCore.git",
        "state": {
          "branch": null,
          "revision": "2835209970afdaaaf137fd7073d9c0ab2beb2905",
          "version": "0.2.1"
        }
      },
      {
        "package": "swift-argument-parser",
        "repositoryURL": "https://github.com/apple/swift-argument-parser",
        "state": {
          "branch": null,
          "revision": "83b23d940471b313427da226196661856f6ba3e0",
          "version": "0.4.4"
        }
      }
    ]
  },
  "version": 1
}
